<?xml version="1.0" encoding="UTF-8" standalone="yes" ?>
<CodeBlocks_project_file>
	<FileVersion major="1" minor="6" />
	<Project>
		<Option title="mydbprod" />
		<Option pch_mode="2" />
		<Option compiler="gcc" />
		<Build>
			<Target title="Debug">
				<Option output="bin/Debug/mydbprod" prefix_auto="1" extension_auto="1" />
				<Option object_output="obj/Debug/" />
				<Option type="1" />
				<Option compiler="gcc" />
				<Option projectCompilerOptionsRelation="0" />
				<Compiler>
					<Add option="-g" />
				</Compiler>
			</Target>
			<Target title="Release">
				<Option output="bin/Release/mydbprod" prefix_auto="1" extension_auto="1" />
				<Option object_output="obj/Release/" />
				<Option type="1" />
				<Option compiler="gcc" />
				<Compiler>
					<Add option="-O2" />
				</Compiler>
				<Linker>
					<Add option="-s" />
				</Linker>
			</Target>
		</Build>
		<Unit filename="../Makefile" />
		<Unit filename="../dbase.c">
			<Option compilerVar="CC" />
		</Unit>
		<Unit filename="../dbase.h" />
		<Unit filename="../dlist.c">
			<Option compilerVar="CC" />
		</Unit>
		<Unit filename="../dlist.h" />
		<Unit filename="../dprinter.h" />
		<Unit filename="../main.c">
			<Option compilerVar="CC" />
		</Unit>
		<Unit filename="../parse_comm.c">
			<Option compilerVar="CC" />
		</Unit>
		<Unit filename="../parse_str.c">
			<Option compilerVar="CC" />
		</Unit>
		<Unit filename="../parser.h" />
		<Unit filename="../stacks.c">
			<Option compilerVar="CC" />
		</Unit>
		<Unit filename="../stacks.h" />
		<Extensions>
			<lib_finder disable_auto="1" />
		</Extensions>
	</Project>
</CodeBlocks_project_file>
