
Microsoft Visual Studio Solution File, Format Version 12.00
# Visual Studio Version 16
VisualStudioVersion = 16.0.30907.101
MinimumVisualStudioVersion = 10.0.40219.1
Project("{FAE04EC0-301F-11D3-BF4B-00C04F79EFBC}") = "NewLab", "NewLab.csproj", "{9CA6DED1-D15A-4BCC-9E10-C4751D348D1D}"
EndProject
Global
	GlobalSection(SolutionConfigurationPlatforms) = preSolution
		Debug|Any CPU = Debug|Any CPU
		Release|Any CPU = Release|Any CPU
	EndGlobalSection
	GlobalSection(ProjectConfigurationPlatforms) = postSolution
		{9CA6DED1-D15A-4BCC-9E10-C4751D348D1D}.Debug|Any CPU.ActiveCfg = Debug|Any CPU
		{9CA6DED1-D15A-4BCC-9E10-C4751D348D1D}.Debug|Any CPU.Build.0 = Debug|Any CPU
		{9CA6DED1-D15A-4BCC-9E10-C4751D348D1D}.Release|Any CPU.ActiveCfg = Release|Any CPU
		{9CA6DED1-D15A-4BCC-9E10-C4751D348D1D}.Release|Any CPU.Build.0 = Release|Any CPU
	EndGlobalSection
	GlobalSection(SolutionProperties) = preSolution
		HideSolutionNode = FALSE
	EndGlobalSection
	GlobalSection(ExtensibilityGlobals) = postSolution
		SolutionGuid = {C386034A-24EB-46A0-B7A4-D762F1640224}
	EndGlobalSection
EndGlobal
